
Microsoft Visual Studio Solution File, Format Version 12.00
Project("{FAE04EC0-301F-11D3-BF4B-00C04F79EFBC}") = "AdocaoPets", "AdocaoPets\AdocaoPets.csproj", "{8D068370-3275-4AF2-98BF-43A2C82E9227}"
EndProject
Global
	GlobalSection(SolutionConfigurationPlatforms) = preSolution
		Debug|Any CPU = Debug|Any CPU
		Release|Any CPU = Release|Any CPU
	EndGlobalSection
	GlobalSection(ProjectConfigurationPlatforms) = postSolution
		{8D068370-3275-4AF2-98BF-43A2C82E9227}.Debug|Any CPU.ActiveCfg = Debug|Any CPU
		{8D068370-3275-4AF2-98BF-43A2C82E9227}.Debug|Any CPU.Build.0 = Debug|Any CPU
		{8D068370-3275-4AF2-98BF-43A2C82E9227}.Release|Any CPU.ActiveCfg = Release|Any CPU
		{8D068370-3275-4AF2-98BF-43A2C82E9227}.Release|Any CPU.Build.0 = Release|Any CPU
	EndGlobalSection
EndGlobal
